Microsoft Visual Studio Solution File, Format Version 12.00
# Visual Studio Version 17
VisualStudioVersion = 17.11.34826.228
MinimumVisualStudioVersion = 10.0.40219.1
Project("{FAE04EC0-301F-11D3-BF4B-00C04F79EFBC}") = "AzureHostTester", "AzureHostTester\AzureHostTester.csproj", "{9EF89971-5CA8-4475-B2F0-27C38C76F662}"
EndProject
Project("{9A19103F-16F7-4668-BE54-9A1E7A4F7556}") = "WebApplication1", "WebApplication1\WebApplication1.csproj", "{2EEDB6B3-76AD-46E2-A3CC-51912C9A1CC3}"
EndProject
Global
	GlobalSection(ExtensibilityGlobals) = postSolution
		SolutionGuid = {8175A31D-AE73-4FFB-A74E-ECB766B65386}
	EndGlobalSection
	GlobalSection(ProjectConfigurationPlatforms) = postSolution
		{2EEDB6B3-76AD-46E2-A3CC-51912C9A1CC3}.Debug|Any CPU.ActiveCfg = Debug|Any CPU
		{2EEDB6B3-76AD-46E2-A3CC-51912C9A1CC3}.Debug|Any CPU.Build.0 = Debug|Any CPU
		{2EEDB6B3-76AD-46E2-A3CC-51912C9A1CC3}.Release|Any CPU.ActiveCfg = Release|Any CPU
		{2EEDB6B3-76AD-46E2-A3CC-51912C9A1CC3}.Release|Any CPU.Build.0 = Release|Any CPU
		{9EF89971-5CA8-4475-B2F0-27C38C76F662}.Debug|Any CPU.ActiveCfg = Debug|Any CPU
		{9EF89971-5CA8-4475-B2F0-27C38C76F662}.Debug|Any CPU.Build.0 = Debug|Any CPU
		{9EF89971-5CA8-4475-B2F0-27C38C76F662}.Release|Any CPU.ActiveCfg = Release|Any CPU
		{9EF89971-5CA8-4475-B2F0-27C38C76F662}.Release|Any CPU.Build.0 = Release|Any CPU
	EndGlobalSection
	GlobalSection(SolutionConfigurationPlatforms) = preSolution
		Debug|Any CPU = Debug|Any CPU
		Release|Any CPU = Release|Any CPU
	EndGlobalSection
	GlobalSection(SolutionProperties) = preSolution
		HideSolutionNode = FALSE
	EndGlobalSection
EndGlobal
